
Microsoft Visual Studio Solution File, Format Version 12.00
# Visual Studio Version 16
VisualStudioVersion = 16.0.31005.135
MinimumVisualStudioVersion = 10.0.40219.1
Project("{FAE04EC0-301F-11D3-BF4B-00C04F79EFBC}") = "Fuzzy", "Fuzzy.csproj", "{C15FA6A4-79E1-45C5-A57A-20E21C033AA8}"
EndProject
Project("{FAE04EC0-301F-11D3-BF4B-00C04F79EFBC}") = "DotFuzzy", "..\DotFuzzy-master\DotFuzzy\DotFuzzy.csproj", "{6B1E0CE9-725E-477F-938C-625A25DBCE70}"
EndProject
Global
	GlobalSection(SolutionConfigurationPlatforms) = preSolution
		Debug|Any CPU = Debug|Any CPU
		Release|Any CPU = Release|Any CPU
	EndGlobalSection
	GlobalSection(ProjectConfigurationPlatforms) = postSolution
		{C15FA6A4-79E1-45C5-A57A-20E21C033AA8}.Debug|Any CPU.ActiveCfg = Debug|Any CPU
		{C15FA6A4-79E1-45C5-A57A-20E21C033AA8}.Debug|Any CPU.Build.0 = Debug|Any CPU
		{C15FA6A4-79E1-45C5-A57A-20E21C033AA8}.Release|Any CPU.ActiveCfg = Release|Any CPU
		{C15FA6A4-79E1-45C5-A57A-20E21C033AA8}.Release|Any CPU.Build.0 = Release|Any CPU
		{6B1E0CE9-725E-477F-938C-625A25DBCE70}.Debug|Any CPU.ActiveCfg = Debug|Any CPU
		{6B1E0CE9-725E-477F-938C-625A25DBCE70}.Debug|Any CPU.Build.0 = Debug|Any CPU
		{6B1E0CE9-725E-477F-938C-625A25DBCE70}.Release|Any CPU.ActiveCfg = Release|Any CPU
		{6B1E0CE9-725E-477F-938C-625A25DBCE70}.Release|Any CPU.Build.0 = Release|Any CPU
	EndGlobalSection
	GlobalSection(SolutionProperties) = preSolution
		HideSolutionNode = FALSE
	EndGlobalSection
	GlobalSection(ExtensibilityGlobals) = postSolution
		SolutionGuid = {3816324E-8002-4F6F-8F22-37B774933433}
	EndGlobalSection
EndGlobal
